{
  "name": "dsh-plugin-session-export",
  "version": "1.0.0",
  "lockfileVersion": 3,
  "requires": true,
  "packages": {
    "": {
      "name": "dsh-plugin-session-export",
      "version": "1.0.0",
      "license": "MIT",
      "dependencies": {
        "schemastery": "^3.18.0"
      }
    },
    "node_modules/@standard-schema/spec": {
      "version": "1.1.0",
      "resolved": "https://registry.npmmirror.com/@standard-schema/spec/-/spec-1.1.0.tgz",
      "integrity": "sha512-l2aFy5jALhniG5HgqrD6jXLi/rUWrKvqN/qJx6yoJsgKhblVd+iqqU4RCXavm/jPityDo5TCvKMnpjKnOriy0w==",
      "license": "MIT"
    },
    "node_modules/cosmokit": {
      "version": "1.8.1",
      "resolved": "https://registry.npmmirror.com/cosmokit/-/cosmokit-1.8.1.tgz",
      "integrity": "sha512-PDBv4l90xZKrUsZ0vtoycgZpO/j4iFsqJXrAxsyBDsnQRI7ZMJXIjgDJsKNjd5L8jnVnnlrDCdhkFbTncgCVjQ==",
      "license": "MIT"
    },
    "node_modules/schemastery": {
      "version": "3.18.0",
      "resolved": "https://registry.npmmirror.com/schemastery/-/schemastery-3.18.0.tgz",
      "integrity": "sha512-Jw2uxjoyyqc/yeurmChUEc/jbi8GsrdXV/KmqRUDZXJAXAmrJiPsz8vKa17l/VckyzljHZ9oGaul443CQiXxtA==",
      "license": "MIT",
      "dependencies": {
        "@standard-schema/spec": "^1.1.0",
        "cosmokit": "^1.8.1"
      }
    }
  }
}
